
Microsoft Visual Studio Solution File, Format Version 12.00
# Visual Studio 2012
Project("{2150E333-8FDC-42A3-9474-1A3956D46DE8}") = "NETMF41", "NETMF41", "{C784E376-E55F-41CB-8147-4832D85B50D1}"
EndProject
Project("{2150E333-8FDC-42A3-9474-1A3956D46DE8}") = "NETMF42", "NETMF42", "{0B82B89A-636E-4070-B473-CC7CBABFBEC4}"
EndProject
Project("{2150E333-8FDC-42A3-9474-1A3956D46DE8}") = "Solution Items", "Solution Items", "{36744475-A06F-4E48-85AD-9704614209A8}"
	ProjectSection(SolutionItems) = preProject
		SignMSIs.cmd = SignMSIs.cmd
		SignMSIs.vbs = SignMSIs.vbs
	EndProjectSection
EndProject
Project("{930C7802-8A8C-48F9-8165-68863BCCD9DD}") = "GadgeteerCoreMSI", "Installer\GadgeteerCoreMSI\GadgeteerCoreMSI.wixproj", "{59A47B50-967B-45D9-8BC8-D8A165FC4B7F}"
EndProject
Project("{FAE04EC0-301F-11D3-BF4B-00C04F79EFBC}") = "Gadgeteer42", "Gadgeteer42\Gadgeteer42.csproj", "{16F46F9A-6FA2-4E4C-A0DD-5C53319DBCAB}"
EndProject
Project("{FAE04EC0-301F-11D3-BF4B-00C04F79EFBC}") = "WebClient42", "Libraries\Core\WebClient42\WebClient42.csproj", "{4BEF0EA5-8EF3-4B21-B50E-B6AEC3652DAE}"
EndProject
Project("{FAE04EC0-301F-11D3-BF4B-00C04F79EFBC}") = "WebServer42", "Libraries\Core\WebServer42\WebServer42.csproj", "{202F3223-66CD-4E92-877A-882707A90691}"
EndProject
Project("{FAE04EC0-301F-11D3-BF4B-00C04F79EFBC}") = "Gadgeteer41", "Gadgeteer41\Gadgeteer41.csproj", "{6E8E7801-45D9-4D81-8F0B-D3B1B9EDD882}"
EndProject
Project("{FAE04EC0-301F-11D3-BF4B-00C04F79EFBC}") = "WebClient41", "Libraries\Core\WebClient41\WebClient41.csproj", "{5B87CF3A-79AF-46D8-B4EE-326CB839E93D}"
EndProject
Project("{FAE04EC0-301F-11D3-BF4B-00C04F79EFBC}") = "WebServer41", "Libraries\Core\WebServer41\WebServer41.csproj", "{05526000-0003-46B7-965A-903D7955DB6D}"
EndProject
Project("{FAE04EC0-301F-11D3-BF4B-00C04F79EFBC}") = "DaisyLink42", "Libraries\Core\DaisyLink42\DaisyLink42.csproj", "{667269A2-4009-4F76-A439-C52DA88E17CD}"
EndProject
Project("{FAE04EC0-301F-11D3-BF4B-00C04F79EFBC}") = "Serial42", "Libraries\Core\Serial42\Serial42.csproj", "{4479A1DF-C362-4E99-803D-6866D7967C4F}"
EndProject
Project("{FAE04EC0-301F-11D3-BF4B-00C04F79EFBC}") = "SPI42", "Libraries\Core\SPI42\SPI42.csproj", "{40A98A5D-8E22-46DB-B194-5F907D4570C8}"
EndProject
Project("{2150E333-8FDC-42A3-9474-1A3956D46DE8}") = "NETMF43", "NETMF43", "{58AD12F2-731B-49BC-BE1A-18648C1AA9F7}"
EndProject
Project("{FAE04EC0-301F-11D3-BF4B-00C04F79EFBC}") = "Gadgeteer43", "Gadgeteer43\Gadgeteer43.csproj", "{9C152709-420A-4464-8CCC-A13EDF27D6CB}"
EndProject
Project("{FAE04EC0-301F-11D3-BF4B-00C04F79EFBC}") = "DaisyLink43", "Libraries\Core\DaisyLink43\DaisyLink43.csproj", "{61A956D1-D6FB-4496-B030-58942D07CB3B}"
EndProject
Project("{FAE04EC0-301F-11D3-BF4B-00C04F79EFBC}") = "Serial43", "Libraries\Core\Serial43\Serial43.csproj", "{61996327-11F7-4EB8-A361-CFC450773065}"
EndProject
Project("{FAE04EC0-301F-11D3-BF4B-00C04F79EFBC}") = "SPI43", "Libraries\Core\SPI43\SPI43.csproj", "{50552249-DB46-432E-B942-57860A846FB3}"
EndProject
Project("{FAE04EC0-301F-11D3-BF4B-00C04F79EFBC}") = "WebClient43", "Libraries\Core\WebClient43\WebClient43.csproj", "{00F7632E-9150-4455-8DD3-3674B7F006CB}"
EndProject
Project("{FAE04EC0-301F-11D3-BF4B-00C04F79EFBC}") = "WebServer43", "Libraries\Core\WebServer43\WebServer43.csproj", "{2024CE24-1038-40EE-90AB-445D8E8714F2}"
EndProject
Project("{2150E333-8FDC-42A3-9474-1A3956D46DE8}") = "2.43 Projects", "2.43 Projects", "{DA756290-625F-4B67-BA53-18DE426337C6}"
	ProjectSection(SolutionItems) = preProject
		..\..\NETMF_43\Readme.txt = ..\..\NETMF_43\Readme.txt
		..\..\NETMF_43\GadgeteerCore\ReleaseNotes.txt = ..\..\NETMF_43\GadgeteerCore\ReleaseNotes.txt
	EndProjectSection
EndProject
Project("{FAE04EC0-301F-11D3-BF4B-00C04F79EFBC}") = "AppTemplate41", "..\..\NETMF_43\GadgeteerCore\VSTemplates\AppTemplate41\AppTemplate41.csproj", "{940DB422-0EDB-47DD-9816-82B70E89AAAA}"
EndProject
Project("{FAE04EC0-301F-11D3-BF4B-00C04F79EFBC}") = "AppTemplate42", "..\..\NETMF_43\GadgeteerCore\VSTemplates\AppTemplate42\AppTemplate42.csproj", "{154E05DA-9F68-4DE5-9D6D-6F20C3AF13B3}"
EndProject
Project("{FAE04EC0-301F-11D3-BF4B-00C04F79EFBC}") = "AppTemplateCS", "..\..\NETMF_43\GadgeteerCore\VSTemplates\AppTemplateCS\AppTemplateCS.csproj", "{783C8DA0-B71F-4361-B986-B3F10DF2880B}"
EndProject
Project("{FAE04EC0-301F-11D3-BF4B-00C04F79EFBC}") = "AppTemplateVB", "..\..\NETMF_43\GadgeteerCore\VSTemplates\AppTemplateVB\AppTemplateVB.csproj", "{E2069DE1-4ADC-406E-A551-2B60F8721296}"
EndProject
Project("{FAE04EC0-301F-11D3-BF4B-00C04F79EFBC}") = "AppTemplateWizard", "..\..\NETMF_43\GadgeteerCore\VSTemplates\AppTemplateWizard\AppTemplateWizard.csproj", "{4ED8CDFF-7588-440F-831A-7EC43B28A36B}"
EndProject
Project("{FAE04EC0-301F-11D3-BF4B-00C04F79EFBC}") = "VBAppTemplate42", "..\..\NETMF_43\GadgeteerCore\VSTemplates\VBAppTemplate42\VBAppTemplate42.csproj", "{60331440-2412-456C-B531-94689DB5047B}"
EndProject
Global
	GlobalSection(SolutionConfigurationPlatforms) = preSolution
		Debug|Any CPU = Debug|Any CPU
		Debug|Mixed Platforms = Debug|Mixed Platforms
		Debug|x86 = Debug|x86
		Release|Any CPU = Release|Any CPU
		Release|Mixed Platforms = Release|Mixed Platforms
		Release|x86 = Release|x86
	EndGlobalSection
	GlobalSection(ProjectConfigurationPlatforms) = postSolution
		{59A47B50-967B-45D9-8BC8-D8A165FC4B7F}.Debug|Any CPU.ActiveCfg = Debug|x86
		{59A47B50-967B-45D9-8BC8-D8A165FC4B7F}.Debug|Mixed Platforms.ActiveCfg = Debug|x86
		{59A47B50-967B-45D9-8BC8-D8A165FC4B7F}.Debug|Mixed Platforms.Build.0 = Debug|x86
		{59A47B50-967B-45D9-8BC8-D8A165FC4B7F}.Debug|x86.ActiveCfg = Debug|x86
		{59A47B50-967B-45D9-8BC8-D8A165FC4B7F}.Debug|x86.Build.0 = Debug|x86
		{59A47B50-967B-45D9-8BC8-D8A165FC4B7F}.Release|Any CPU.ActiveCfg = Release|x86
		{59A47B50-967B-45D9-8BC8-D8A165FC4B7F}.Release|Mixed Platforms.ActiveCfg = Release|x86
		{59A47B50-967B-45D9-8BC8-D8A165FC4B7F}.Release|Mixed Platforms.Build.0 = Release|x86
		{59A47B50-967B-45D9-8BC8-D8A165FC4B7F}.Release|x86.ActiveCfg = Release|x86
		{59A47B50-967B-45D9-8BC8-D8A165FC4B7F}.Release|x86.Build.0 = Release|x86
		{16F46F9A-6FA2-4E4C-A0DD-5C53319DBCAB}.Debug|Any CPU.ActiveCfg = Debug|Any CPU
		{16F46F9A-6FA2-4E4C-A0DD-5C53319DBCAB}.Debug|Any CPU.Build.0 = Debug|Any CPU
		{16F46F9A-6FA2-4E4C-A0DD-5C53319DBCAB}.Debug|Mixed Platforms.ActiveCfg = Debug|Any CPU
		{16F46F9A-6FA2-4E4C-A0DD-5C53319DBCAB}.Debug|Mixed Platforms.Build.0 = Debug|Any CPU
		{16F46F9A-6FA2-4E4C-A0DD-5C53319DBCAB}.Debug|x86.ActiveCfg = Debug|Any CPU
		{16F46F9A-6FA2-4E4C-A0DD-5C53319DBCAB}.Release|Any CPU.ActiveCfg = Release|Any CPU
		{16F46F9A-6FA2-4E4C-A0DD-5C53319DBCAB}.Release|Any CPU.Build.0 = Release|Any CPU
		{16F46F9A-6FA2-4E4C-A0DD-5C53319DBCAB}.Release|Mixed Platforms.ActiveCfg = Release|Any CPU
		{16F46F9A-6FA2-4E4C-A0DD-5C53319DBCAB}.Release|Mixed Platforms.Build.0 = Release|Any CPU
		{16F46F9A-6FA2-4E4C-A0DD-5C53319DBCAB}.Release|x86.ActiveCfg = Release|Any CPU
		{4BEF0EA5-8EF3-4B21-B50E-B6AEC3652DAE}.Debug|Any CPU.ActiveCfg = Debug|Any CPU
		{4BEF0EA5-8EF3-4B21-B50E-B6AEC3652DAE}.Debug|Any CPU.Build.0 = Debug|Any CPU
		{4BEF0EA5-8EF3-4B21-B50E-B6AEC3652DAE}.Debug|Mixed Platforms.ActiveCfg = Debug|Any CPU
		{4BEF0EA5-8EF3-4B21-B50E-B6AEC3652DAE}.Debug|Mixed Platforms.Build.0 = Debug|Any CPU
		{4BEF0EA5-8EF3-4B21-B50E-B6AEC3652DAE}.Debug|x86.ActiveCfg = Debug|Any CPU
		{4BEF0EA5-8EF3-4B21-B50E-B6AEC3652DAE}.Release|Any CPU.ActiveCfg = Release|Any CPU
		{4BEF0EA5-8EF3-4B21-B50E-B6AEC3652DAE}.Release|Any CPU.Build.0 = Release|Any CPU
		{4BEF0EA5-8EF3-4B21-B50E-B6AEC3652DAE}.Release|Mixed Platforms.ActiveCfg = Release|Any CPU
		{4BEF0EA5-8EF3-4B21-B50E-B6AEC3652DAE}.Release|Mixed Platforms.Build.0 = Release|Any CPU
		{4BEF0EA5-8EF3-4B21-B50E-B6AEC3652DAE}.Release|x86.ActiveCfg = Release|Any CPU
		{202F3223-66CD-4E92-877A-882707A90691}.Debug|Any CPU.ActiveCfg = Debug|Any CPU
		{202F3223-66CD-4E92-877A-882707A90691}.Debug|Any CPU.Build.0 = Debug|Any CPU
		{202F3223-66CD-4E92-877A-882707A90691}.Debug|Mixed Platforms.ActiveCfg = Debug|Any CPU
		{202F3223-66CD-4E92-877A-882707A90691}.Debug|Mixed Platforms.Build.0 = Debug|Any CPU
		{202F3223-66CD-4E92-877A-882707A90691}.Debug|x86.ActiveCfg = Debug|Any CPU
		{202F3223-66CD-4E92-877A-882707A90691}.Release|Any CPU.ActiveCfg = Release|Any CPU
		{202F3223-66CD-4E92-877A-882707A90691}.Release|Any CPU.Build.0 = Release|Any CPU
		{202F3223-66CD-4E92-877A-882707A90691}.Release|Mixed Platforms.ActiveCfg = Release|Any CPU
		{202F3223-66CD-4E92-877A-882707A90691}.Release|Mixed Platforms.Build.0 = Release|Any CPU
		{202F3223-66CD-4E92-877A-882707A90691}.Release|x86.ActiveCfg = Release|Any CPU
		{6E8E7801-45D9-4D81-8F0B-D3B1B9EDD882}.Debug|Any CPU.ActiveCfg = Debug|Any CPU
		{6E8E7801-45D9-4D81-8F0B-D3B1B9EDD882}.Debug|Any CPU.Build.0 = Debug|Any CPU
		{6E8E7801-45D9-4D81-8F0B-D3B1B9EDD882}.Debug|Mixed Platforms.ActiveCfg = Debug|Any CPU
		{6E8E7801-45D9-4D81-8F0B-D3B1B9EDD882}.Debug|Mixed Platforms.Build.0 = Debug|Any CPU
		{6E8E7801-45D9-4D81-8F0B-D3B1B9EDD882}.Debug|x86.ActiveCfg = Debug|Any CPU
		{6E8E7801-45D9-4D81-8F0B-D3B1B9EDD882}.Release|Any CPU.ActiveCfg = Release|Any CPU
		{6E8E7801-45D9-4D81-8F0B-D3B1B9EDD882}.Release|Any CPU.Build.0 = Release|Any CPU
		{6E8E7801-45D9-4D81-8F0B-D3B1B9EDD882}.Release|Mixed Platforms.ActiveCfg = Release|Any CPU
		{6E8E7801-45D9-4D81-8F0B-D3B1B9EDD882}.Release|Mixed Platforms.Build.0 = Release|Any CPU
		{6E8E7801-45D9-4D81-8F0B-D3B1B9EDD882}.Release|x86.ActiveCfg = Release|Any CPU
		{5B87CF3A-79AF-46D8-B4EE-326CB839E93D}.Debug|Any CPU.ActiveCfg = Debug|Any CPU
		{5B87CF3A-79AF-46D8-B4EE-326CB839E93D}.Debug|Any CPU.Build.0 = Debug|Any CPU
		{5B87CF3A-79AF-46D8-B4EE-326CB839E93D}.Debug|Mixed Platforms.ActiveCfg = Debug|Any CPU
		{5B87CF3A-79AF-46D8-B4EE-326CB839E93D}.Debug|Mixed Platforms.Build.0 = Debug|Any CPU
		{5B87CF3A-79AF-46D8-B4EE-326CB839E93D}.Debug|x86.ActiveCfg = Debug|Any CPU
		{5B87CF3A-79AF-46D8-B4EE-326CB839E93D}.Release|Any CPU.ActiveCfg = Release|Any CPU
		{5B87CF3A-79AF-46D8-B4EE-326CB839E93D}.Release|Any CPU.Build.0 = Release|Any CPU
		{5B87CF3A-79AF-46D8-B4EE-326CB839E93D}.Release|Mixed Platforms.ActiveCfg = Release|Any CPU
		{5B87CF3A-79AF-46D8-B4EE-326CB839E93D}.Release|Mixed Platforms.Build.0 = Release|Any CPU
		{5B87CF3A-79AF-46D8-B4EE-326CB839E93D}.Release|x86.ActiveCfg = Release|Any CPU
		{05526000-0003-46B7-965A-903D7955DB6D}.Debug|Any CPU.ActiveCfg = Debug|Any CPU
		{05526000-0003-46B7-965A-903D7955DB6D}.Debug|Any CPU.Build.0 = Debug|Any CPU
		{05526000-0003-46B7-965A-903D7955DB6D}.Debug|Mixed Platforms.ActiveCfg = Debug|Any CPU
		{05526000-0003-46B7-965A-903D7955DB6D}.Debug|Mixed Platforms.Build.0 = Debug|Any CPU
		{05526000-0003-46B7-965A-903D7955DB6D}.Debug|x86.ActiveCfg = Debug|Any CPU
		{05526000-0003-46B7-965A-903D7955DB6D}.Release|Any CPU.ActiveCfg = Release|Any CPU
		{05526000-0003-46B7-965A-903D7955DB6D}.Release|Any CPU.Build.0 = Release|Any CPU
		{05526000-0003-46B7-965A-903D7955DB6D}.Release|Mixed Platforms.ActiveCfg = Release|Any CPU
		{05526000-0003-46B7-965A-903D7955DB6D}.Release|Mixed Platforms.Build.0 = Release|Any CPU
		{05526000-0003-46B7-965A-903D7955DB6D}.Release|x86.ActiveCfg = Release|Any CPU
		{667269A2-4009-4F76-A439-C52DA88E17CD}.Debug|Any CPU.ActiveCfg = Debug|Any CPU
		{667269A2-4009-4F76-A439-C52DA88E17CD}.Debug|Any CPU.Build.0 = Debug|Any CPU
		{667269A2-4009-4F76-A439-C52DA88E17CD}.Debug|Mixed Platforms.ActiveCfg = Debug|Any CPU
		{667269A2-4009-4F76-A439-C52DA88E17CD}.Debug|Mixed Platforms.Build.0 = Debug|Any CPU
		{667269A2-4009-4F76-A439-C52DA88E17CD}.Debug|x86.ActiveCfg = Debug|Any CPU
		{667269A2-4009-4F76-A439-C52DA88E17CD}.Release|Any CPU.ActiveCfg = Release|Any CPU
		{667269A2-4009-4F76-A439-C52DA88E17CD}.Release|Any CPU.Build.0 = Release|Any CPU
		{667269A2-4009-4F76-A439-C52DA88E17CD}.Release|Mixed Platforms.ActiveCfg = Release|Any CPU
		{667269A2-4009-4F76-A439-C52DA88E17CD}.Release|Mixed Platforms.Build.0 = Release|Any CPU
		{667269A2-4009-4F76-A439-C52DA88E17CD}.Release|x86.ActiveCfg = Release|Any CPU
		{4479A1DF-C362-4E99-803D-6866D7967C4F}.Debug|Any CPU.ActiveCfg = Debug|Any CPU
		{4479A1DF-C362-4E99-803D-6866D7967C4F}.Debug|Any CPU.Build.0 = Debug|Any CPU
		{4479A1DF-C362-4E99-803D-6866D7967C4F}.Debug|Mixed Platforms.ActiveCfg = Debug|Any CPU
		{4479A1DF-C362-4E99-803D-6866D7967C4F}.Debug|Mixed Platforms.Build.0 = Debug|Any CPU
		{4479A1DF-C362-4E99-803D-6866D7967C4F}.Debug|x86.ActiveCfg = Debug|Any CPU
		{4479A1DF-C362-4E99-803D-6866D7967C4F}.Release|Any CPU.ActiveCfg = Release|Any CPU
		{4479A1DF-C362-4E99-803D-6866D7967C4F}.Release|Any CPU.Build.0 = Release|Any CPU
		{4479A1DF-C362-4E99-803D-6866D7967C4F}.Release|Mixed Platforms.ActiveCfg = Release|Any CPU
		{4479A1DF-C362-4E99-803D-6866D7967C4F}.Release|Mixed Platforms.Build.0 = Release|Any CPU
		{4479A1DF-C362-4E99-803D-6866D7967C4F}.Release|x86.ActiveCfg = Release|Any CPU
		{40A98A5D-8E22-46DB-B194-5F907D4570C8}.Debug|Any CPU.ActiveCfg = Debug|Any CPU
		{40A98A5D-8E22-46DB-B194-5F907D4570C8}.Debug|Any CPU.Build.0 = Debug|Any CPU
		{40A98A5D-8E22-46DB-B194-5F907D4570C8}.Debug|Mixed Platforms.ActiveCfg = Debug|Any CPU
		{40A98A5D-8E22-46DB-B194-5F907D4570C8}.Debug|Mixed Platforms.Build.0 = Debug|Any CPU
		{40A98A5D-8E22-46DB-B194-5F907D4570C8}.Debug|x86.ActiveCfg = Debug|Any CPU
		{40A98A5D-8E22-46DB-B194-5F907D4570C8}.Release|Any CPU.ActiveCfg = Release|Any CPU
		{40A98A5D-8E22-46DB-B194-5F907D4570C8}.Release|Any CPU.Build.0 = Release|Any CPU
		{40A98A5D-8E22-46DB-B194-5F907D4570C8}.Release|Mixed Platforms.ActiveCfg = Release|Any CPU
		{40A98A5D-8E22-46DB-B194-5F907D4570C8}.Release|Mixed Platforms.Build.0 = Release|Any CPU
		{40A98A5D-8E22-46DB-B194-5F907D4570C8}.Release|x86.ActiveCfg = Release|Any CPU
		{9C152709-420A-4464-8CCC-A13EDF27D6CB}.Debug|Any CPU.ActiveCfg = Debug|Any CPU
		{9C152709-420A-4464-8CCC-A13EDF27D6CB}.Debug|Any CPU.Build.0 = Debug|Any CPU
		{9C152709-420A-4464-8CCC-A13EDF27D6CB}.Debug|Mixed Platforms.ActiveCfg = Debug|Any CPU
		{9C152709-420A-4464-8CCC-A13EDF27D6CB}.Debug|Mixed Platforms.Build.0 = Debug|Any CPU
		{9C152709-420A-4464-8CCC-A13EDF27D6CB}.Debug|x86.ActiveCfg = Debug|Any CPU
		{9C152709-420A-4464-8CCC-A13EDF27D6CB}.Release|Any CPU.ActiveCfg = Release|Any CPU
		{9C152709-420A-4464-8CCC-A13EDF27D6CB}.Release|Any CPU.Build.0 = Release|Any CPU
		{9C152709-420A-4464-8CCC-A13EDF27D6CB}.Release|Mixed Platforms.ActiveCfg = Release|Any CPU
		{9C152709-420A-4464-8CCC-A13EDF27D6CB}.Release|Mixed Platforms.Build.0 = Release|Any CPU
		{9C152709-420A-4464-8CCC-A13EDF27D6CB}.Release|x86.ActiveCfg = Release|Any CPU
		{61A956D1-D6FB-4496-B030-58942D07CB3B}.Debug|Any CPU.ActiveCfg = Debug|Any CPU
		{61A956D1-D6FB-4496-B030-58942D07CB3B}.Debug|Any CPU.Build.0 = Debug|Any CPU
		{61A956D1-D6FB-4496-B030-58942D07CB3B}.Debug|Mixed Platforms.ActiveCfg = Debug|Any CPU
		{61A956D1-D6FB-4496-B030-58942D07CB3B}.Debug|Mixed Platforms.Build.0 = Debug|Any CPU
		{61A956D1-D6FB-4496-B030-58942D07CB3B}.Debug|x86.ActiveCfg = Debug|Any CPU
		{61A956D1-D6FB-4496-B030-58942D07CB3B}.Release|Any CPU.ActiveCfg = Release|Any CPU
		{61A956D1-D6FB-4496-B030-58942D07CB3B}.Release|Any CPU.Build.0 = Release|Any CPU
		{61A956D1-D6FB-4496-B030-58942D07CB3B}.Release|Mixed Platforms.ActiveCfg = Release|Any CPU
		{61A956D1-D6FB-4496-B030-58942D07CB3B}.Release|Mixed Platforms.Build.0 = Release|Any CPU
		{61A956D1-D6FB-4496-B030-58942D07CB3B}.Release|x86.ActiveCfg = Release|Any CPU
		{61996327-11F7-4EB8-A361-CFC450773065}.Debug|Any CPU.ActiveCfg = Debug|Any CPU
		{61996327-11F7-4EB8-A361-CFC450773065}.Debug|Any CPU.Build.0 = Debug|Any CPU
		{61996327-11F7-4EB8-A361-CFC450773065}.Debug|Mixed Platforms.ActiveCfg = Debug|Any CPU
		{61996327-11F7-4EB8-A361-CFC450773065}.Debug|Mixed Platforms.Build.0 = Debug|Any CPU
		{61996327-11F7-4EB8-A361-CFC450773065}.Debug|x86.ActiveCfg = Debug|Any CPU
		{61996327-11F7-4EB8-A361-CFC450773065}.Release|Any CPU.ActiveCfg = Release|Any CPU
		{61996327-11F7-4EB8-A361-CFC450773065}.Release|Any CPU.Build.0 = Release|Any CPU
		{61996327-11F7-4EB8-A361-CFC450773065}.Release|Mixed Platforms.ActiveCfg = Release|Any CPU
		{61996327-11F7-4EB8-A361-CFC450773065}.Release|Mixed Platforms.Build.0 = Release|Any CPU
		{61996327-11F7-4EB8-A361-CFC450773065}.Release|x86.ActiveCfg = Release|Any CPU
		{50552249-DB46-432E-B942-57860A846FB3}.Debug|Any CPU.ActiveCfg = Debug|Any CPU
		{50552249-DB46-432E-B942-57860A846FB3}.Debug|Any CPU.Build.0 = Debug|Any CPU
		{50552249-DB46-432E-B942-57860A846FB3}.Debug|Mixed Platforms.ActiveCfg = Debug|Any CPU
		{50552249-DB46-432E-B942-57860A846FB3}.Debug|Mixed Platforms.Build.0 = Debug|Any CPU
		{50552249-DB46-432E-B942-57860A846FB3}.Debug|x86.ActiveCfg = Debug|Any CPU
		{50552249-DB46-432E-B942-57860A846FB3}.Release|Any CPU.ActiveCfg = Release|Any CPU
		{50552249-DB46-432E-B942-57860A846FB3}.Release|Any CPU.Build.0 = Release|Any CPU
		{50552249-DB46-432E-B942-57860A846FB3}.Release|Mixed Platforms.ActiveCfg = Release|Any CPU
		{50552249-DB46-432E-B942-57860A846FB3}.Release|Mixed Platforms.Build.0 = Release|Any CPU
		{50552249-DB46-432E-B942-57860A846FB3}.Release|x86.ActiveCfg = Release|Any CPU
		{00F7632E-9150-4455-8DD3-3674B7F006CB}.Debug|Any CPU.ActiveCfg = Debug|Any CPU
		{00F7632E-9150-4455-8DD3-3674B7F006CB}.Debug|Any CPU.Build.0 = Debug|Any CPU
		{00F7632E-9150-4455-8DD3-3674B7F006CB}.Debug|Mixed Platforms.ActiveCfg = Debug|Any CPU
		{00F7632E-9150-4455-8DD3-3674B7F006CB}.Debug|Mixed Platforms.Build.0 = Debug|Any CPU
		{00F7632E-9150-4455-8DD3-3674B7F006CB}.Debug|x86.ActiveCfg = Debug|Any CPU
		{00F7632E-9150-4455-8DD3-3674B7F006CB}.Release|Any CPU.ActiveCfg = Release|Any CPU
		{00F7632E-9150-4455-8DD3-3674B7F006CB}.Release|Any CPU.Build.0 = Release|Any CPU
		{00F7632E-9150-4455-8DD3-3674B7F006CB}.Release|Mixed Platforms.ActiveCfg = Release|Any CPU
		{00F7632E-9150-4455-8DD3-3674B7F006CB}.Release|Mixed Platforms.Build.0 = Release|Any CPU
		{00F7632E-9150-4455-8DD3-3674B7F006CB}.Release|x86.ActiveCfg = Release|Any CPU
		{2024CE24-1038-40EE-90AB-445D8E8714F2}.Debug|Any CPU.ActiveCfg = Debug|Any CPU
		{2024CE24-1038-40EE-90AB-445D8E8714F2}.Debug|Any CPU.Build.0 = Debug|Any CPU
		{2024CE24-1038-40EE-90AB-445D8E8714F2}.Debug|Mixed Platforms.ActiveCfg = Debug|Any CPU
		{2024CE24-1038-40EE-90AB-445D8E8714F2}.Debug|Mixed Platforms.Build.0 = Debug|Any CPU
		{2024CE24-1038-40EE-90AB-445D8E8714F2}.Debug|x86.ActiveCfg = Debug|Any CPU
		{2024CE24-1038-40EE-90AB-445D8E8714F2}.Release|Any CPU.ActiveCfg = Release|Any CPU
		{2024CE24-1038-40EE-90AB-445D8E8714F2}.Release|Any CPU.Build.0 = Release|Any CPU
		{2024CE24-1038-40EE-90AB-445D8E8714F2}.Release|Mixed Platforms.ActiveCfg = Release|Any CPU
		{2024CE24-1038-40EE-90AB-445D8E8714F2}.Release|Mixed Platforms.Build.0 = Release|Any CPU
		{2024CE24-1038-40EE-90AB-445D8E8714F2}.Release|x86.ActiveCfg = Release|Any CPU
		{940DB422-0EDB-47DD-9816-82B70E89AAAA}.Debug|Any CPU.ActiveCfg = Debug|Any CPU
		{940DB422-0EDB-47DD-9816-82B70E89AAAA}.Debug|Any CPU.Build.0 = Debug|Any CPU
		{940DB422-0EDB-47DD-9816-82B70E89AAAA}.Debug|Mixed Platforms.ActiveCfg = Debug|Any CPU
		{940DB422-0EDB-47DD-9816-82B70E89AAAA}.Debug|Mixed Platforms.Build.0 = Debug|Any CPU
		{940DB422-0EDB-47DD-9816-82B70E89AAAA}.Debug|x86.ActiveCfg = Debug|Any CPU
		{940DB422-0EDB-47DD-9816-82B70E89AAAA}.Release|Any CPU.ActiveCfg = Release|Any CPU
		{940DB422-0EDB-47DD-9816-82B70E89AAAA}.Release|Any CPU.Build.0 = Release|Any CPU
		{940DB422-0EDB-47DD-9816-82B70E89AAAA}.Release|Mixed Platforms.ActiveCfg = Release|Any CPU
		{940DB422-0EDB-47DD-9816-82B70E89AAAA}.Release|Mixed Platforms.Build.0 = Release|Any CPU
		{940DB422-0EDB-47DD-9816-82B70E89AAAA}.Release|x86.ActiveCfg = Release|Any CPU
		{154E05DA-9F68-4DE5-9D6D-6F20C3AF13B3}.Debug|Any CPU.ActiveCfg = Debug|Any CPU
		{154E05DA-9F68-4DE5-9D6D-6F20C3AF13B3}.Debug|Any CPU.Build.0 = Debug|Any CPU
		{154E05DA-9F68-4DE5-9D6D-6F20C3AF13B3}.Debug|Mixed Platforms.ActiveCfg = Debug|Any CPU
		{154E05DA-9F68-4DE5-9D6D-6F20C3AF13B3}.Debug|Mixed Platforms.Build.0 = Debug|Any CPU
		{154E05DA-9F68-4DE5-9D6D-6F20C3AF13B3}.Debug|x86.ActiveCfg = Debug|Any CPU
		{154E05DA-9F68-4DE5-9D6D-6F20C3AF13B3}.Release|Any CPU.ActiveCfg = Release|Any CPU
		{154E05DA-9F68-4DE5-9D6D-6F20C3AF13B3}.Release|Any CPU.Build.0 = Release|Any CPU
		{154E05DA-9F68-4DE5-9D6D-6F20C3AF13B3}.Release|Mixed Platforms.ActiveCfg = Release|Any CPU
		{154E05DA-9F68-4DE5-9D6D-6F20C3AF13B3}.Release|Mixed Platforms.Build.0 = Release|Any CPU
		{154E05DA-9F68-4DE5-9D6D-6F20C3AF13B3}.Release|x86.ActiveCfg = Release|Any CPU
		{783C8DA0-B71F-4361-B986-B3F10DF2880B}.Debug|Any CPU.ActiveCfg = Debug|Any CPU
		{783C8DA0-B71F-4361-B986-B3F10DF2880B}.Debug|Any CPU.Build.0 = Debug|Any CPU
		{783C8DA0-B71F-4361-B986-B3F10DF2880B}.Debug|Mixed Platforms.ActiveCfg = Debug|Any CPU
		{783C8DA0-B71F-4361-B986-B3F10DF2880B}.Debug|Mixed Platforms.Build.0 = Debug|Any CPU
		{783C8DA0-B71F-4361-B986-B3F10DF2880B}.Debug|x86.ActiveCfg = Debug|Any CPU
		{783C8DA0-B71F-4361-B986-B3F10DF2880B}.Release|Any CPU.ActiveCfg = Release|Any CPU
		{783C8DA0-B71F-4361-B986-B3F10DF2880B}.Release|Any CPU.Build.0 = Release|Any CPU
		{783C8DA0-B71F-4361-B986-B3F10DF2880B}.Release|Mixed Platforms.ActiveCfg = Release|Any CPU
		{783C8DA0-B71F-4361-B986-B3F10DF2880B}.Release|Mixed Platforms.Build.0 = Release|Any CPU
		{783C8DA0-B71F-4361-B986-B3F10DF2880B}.Release|x86.ActiveCfg = Release|Any CPU
		{E2069DE1-4ADC-406E-A551-2B60F8721296}.Debug|Any CPU.ActiveCfg = Debug|Any CPU
		{E2069DE1-4ADC-406E-A551-2B60F8721296}.Debug|Any CPU.Build.0 = Debug|Any CPU
		{E2069DE1-4ADC-406E-A551-2B60F8721296}.Debug|Mixed Platforms.ActiveCfg = Debug|Any CPU
		{E2069DE1-4ADC-406E-A551-2B60F8721296}.Debug|Mixed Platforms.Build.0 = Debug|Any CPU
		{E2069DE1-4ADC-406E-A551-2B60F8721296}.Debug|x86.ActiveCfg = Debug|Any CPU
		{E2069DE1-4ADC-406E-A551-2B60F8721296}.Release|Any CPU.ActiveCfg = Release|Any CPU
		{E2069DE1-4ADC-406E-A551-2B60F8721296}.Release|Any CPU.Build.0 = Release|Any CPU
		{E2069DE1-4ADC-406E-A551-2B60F8721296}.Release|Mixed Platforms.ActiveCfg = Release|Any CPU
		{E2069DE1-4ADC-406E-A551-2B60F8721296}.Release|Mixed Platforms.Build.0 = Release|Any CPU
		{E2069DE1-4ADC-406E-A551-2B60F8721296}.Release|x86.ActiveCfg = Release|Any CPU
		{4ED8CDFF-7588-440F-831A-7EC43B28A36B}.Debug|Any CPU.ActiveCfg = Debug|Any CPU
		{4ED8CDFF-7588-440F-831A-7EC43B28A36B}.Debug|Any CPU.Build.0 = Debug|Any CPU
		{4ED8CDFF-7588-440F-831A-7EC43B28A36B}.Debug|Mixed Platforms.ActiveCfg = Debug|Any CPU
		{4ED8CDFF-7588-440F-831A-7EC43B28A36B}.Debug|Mixed Platforms.Build.0 = Debug|Any CPU
		{4ED8CDFF-7588-440F-831A-7EC43B28A36B}.Debug|x86.ActiveCfg = Debug|Any CPU
		{4ED8CDFF-7588-440F-831A-7EC43B28A36B}.Release|Any CPU.ActiveCfg = Release|Any CPU
		{4ED8CDFF-7588-440F-831A-7EC43B28A36B}.Release|Any CPU.Build.0 = Release|Any CPU
		{4ED8CDFF-7588-440F-831A-7EC43B28A36B}.Release|Mixed Platforms.ActiveCfg = Release|Any CPU
		{4ED8CDFF-7588-440F-831A-7EC43B28A36B}.Release|Mixed Platforms.Build.0 = Release|Any CPU
		{4ED8CDFF-7588-440F-831A-7EC43B28A36B}.Release|x86.ActiveCfg = Release|Any CPU
		{60331440-2412-456C-B531-94689DB5047B}.Debug|Any CPU.ActiveCfg = Debug|Any CPU
		{60331440-2412-456C-B531-94689DB5047B}.Debug|Any CPU.Build.0 = Debug|Any CPU
		{60331440-2412-456C-B531-94689DB5047B}.Debug|Mixed Platforms.ActiveCfg = Debug|Any CPU
		{60331440-2412-456C-B531-94689DB5047B}.Debug|Mixed Platforms.Build.0 = Debug|Any CPU
		{60331440-2412-456C-B531-94689DB5047B}.Debug|x86.ActiveCfg = Debug|Any CPU
		{60331440-2412-456C-B531-94689DB5047B}.Release|Any CPU.ActiveCfg = Release|Any CPU
		{60331440-2412-456C-B531-94689DB5047B}.Release|Any CPU.Build.0 = Release|Any CPU
		{60331440-2412-456C-B531-94689DB5047B}.Release|Mixed Platforms.ActiveCfg = Release|Any CPU
		{60331440-2412-456C-B531-94689DB5047B}.Release|Mixed Platforms.Build.0 = Release|Any CPU
		{60331440-2412-456C-B531-94689DB5047B}.Release|x86.ActiveCfg = Release|Any CPU
	EndGlobalSection
	GlobalSection(SolutionProperties) = preSolution
		HideSolutionNode = FALSE
	EndGlobalSection
	GlobalSection(NestedProjects) = preSolution
		{6E8E7801-45D9-4D81-8F0B-D3B1B9EDD882} = {C784E376-E55F-41CB-8147-4832D85B50D1}
		{5B87CF3A-79AF-46D8-B4EE-326CB839E93D} = {C784E376-E55F-41CB-8147-4832D85B50D1}
		{05526000-0003-46B7-965A-903D7955DB6D} = {C784E376-E55F-41CB-8147-4832D85B50D1}
		{16F46F9A-6FA2-4E4C-A0DD-5C53319DBCAB} = {0B82B89A-636E-4070-B473-CC7CBABFBEC4}
		{4BEF0EA5-8EF3-4B21-B50E-B6AEC3652DAE} = {0B82B89A-636E-4070-B473-CC7CBABFBEC4}
		{202F3223-66CD-4E92-877A-882707A90691} = {0B82B89A-636E-4070-B473-CC7CBABFBEC4}
		{667269A2-4009-4F76-A439-C52DA88E17CD} = {0B82B89A-636E-4070-B473-CC7CBABFBEC4}
		{4479A1DF-C362-4E99-803D-6866D7967C4F} = {0B82B89A-636E-4070-B473-CC7CBABFBEC4}
		{40A98A5D-8E22-46DB-B194-5F907D4570C8} = {0B82B89A-636E-4070-B473-CC7CBABFBEC4}
		{9C152709-420A-4464-8CCC-A13EDF27D6CB} = {58AD12F2-731B-49BC-BE1A-18648C1AA9F7}
		{61A956D1-D6FB-4496-B030-58942D07CB3B} = {58AD12F2-731B-49BC-BE1A-18648C1AA9F7}
		{61996327-11F7-4EB8-A361-CFC450773065} = {58AD12F2-731B-49BC-BE1A-18648C1AA9F7}
		{50552249-DB46-432E-B942-57860A846FB3} = {58AD12F2-731B-49BC-BE1A-18648C1AA9F7}
		{00F7632E-9150-4455-8DD3-3674B7F006CB} = {58AD12F2-731B-49BC-BE1A-18648C1AA9F7}
		{2024CE24-1038-40EE-90AB-445D8E8714F2} = {58AD12F2-731B-49BC-BE1A-18648C1AA9F7}
		{940DB422-0EDB-47DD-9816-82B70E89AAAA} = {DA756290-625F-4B67-BA53-18DE426337C6}
		{154E05DA-9F68-4DE5-9D6D-6F20C3AF13B3} = {DA756290-625F-4B67-BA53-18DE426337C6}
		{783C8DA0-B71F-4361-B986-B3F10DF2880B} = {DA756290-625F-4B67-BA53-18DE426337C6}
		{E2069DE1-4ADC-406E-A551-2B60F8721296} = {DA756290-625F-4B67-BA53-18DE426337C6}
		{4ED8CDFF-7588-440F-831A-7EC43B28A36B} = {DA756290-625F-4B67-BA53-18DE426337C6}
		{60331440-2412-456C-B531-94689DB5047B} = {DA756290-625F-4B67-BA53-18DE426337C6}
	EndGlobalSection
EndGlobal
